
Microsoft Visual Studio Solution File, Format Version 12.00
# Visual Studio Version 16
VisualStudioVersion = 16.0.30611.23
MinimumVisualStudioVersion = 10.0.40219.1
Project("{FAE04EC0-301F-11D3-BF4B-00C04F79EFBC}") = "ProjectSignalR", "ProjectSignalR\ProjectSignalR.csproj", "{AF286385-3A83-4803-A0D0-62F7C880D779}"
EndProject
Global
	GlobalSection(SolutionConfigurationPlatforms) = preSolution
		Debug|Any CPU = Debug|Any CPU
		Release|Any CPU = Release|Any CPU
	EndGlobalSection
	GlobalSection(ProjectConfigurationPlatforms) = postSolution
		{AF286385-3A83-4803-A0D0-62F7C880D779}.Debug|Any CPU.ActiveCfg = Debug|Any CPU
		{AF286385-3A83-4803-A0D0-62F7C880D779}.Debug|Any CPU.Build.0 = Debug|Any CPU
		{AF286385-3A83-4803-A0D0-62F7C880D779}.Release|Any CPU.ActiveCfg = Release|Any CPU
		{AF286385-3A83-4803-A0D0-62F7C880D779}.Release|Any CPU.Build.0 = Release|Any CPU
	EndGlobalSection
	GlobalSection(SolutionProperties) = preSolution
		HideSolutionNode = FALSE
	EndGlobalSection
	GlobalSection(ExtensibilityGlobals) = postSolution
		SolutionGuid = {B22A19F9-6467-46B0-99F2-9A4A55F46959}
	EndGlobalSection
EndGlobal
